
Microsoft Visual Studio Solution File, Format Version 12.00
# Visual Studio Version 16
VisualStudioVersion = 16.6.30114.105
MinimumVisualStudioVersion = 10.0.40219.1
Project("{FAE04EC0-301F-11D3-BF4B-00C04F79EFBC}") = "Synnotech.Linq2Db.MsSqlServer", "Synnotech.Linq2Db.MsSqlServer\Synnotech.Linq2Db.MsSqlServer.csproj", "{076A38DA-28F6-447E-A1DC-0024878A8226}"
EndProject
Project("{FAE04EC0-301F-11D3-BF4B-00C04F79EFBC}") = "Synnotech.Linq2Db.MsSqlServer.Tests", "Synnotech.Linq2Db.MsSqlServer.Tests\Synnotech.Linq2Db.MsSqlServer.Tests.csproj", "{391047BC-44C4-4578-B881-87F38B843D6F}"
EndProject
Global
	GlobalSection(SolutionConfigurationPlatforms) = preSolution
		Debug|Any CPU = Debug|Any CPU
		Debug|x64 = Debug|x64
		Debug|x86 = Debug|x86
		Release|Any CPU = Release|Any CPU
		Release|x64 = Release|x64
		Release|x86 = Release|x86
	EndGlobalSection
	GlobalSection(SolutionProperties) = preSolution
		HideSolutionNode = FALSE
	EndGlobalSection
	GlobalSection(ProjectConfigurationPlatforms) = postSolution
		{076A38DA-28F6-447E-A1DC-0024878A8226}.Debug|Any CPU.ActiveCfg = Debug|Any CPU
		{076A38DA-28F6-447E-A1DC-0024878A8226}.Debug|Any CPU.Build.0 = Debug|Any CPU
		{076A38DA-28F6-447E-A1DC-0024878A8226}.Debug|x64.ActiveCfg = Debug|Any CPU
		{076A38DA-28F6-447E-A1DC-0024878A8226}.Debug|x64.Build.0 = Debug|Any CPU
		{076A38DA-28F6-447E-A1DC-0024878A8226}.Debug|x86.ActiveCfg = Debug|Any CPU
		{076A38DA-28F6-447E-A1DC-0024878A8226}.Debug|x86.Build.0 = Debug|Any CPU
		{076A38DA-28F6-447E-A1DC-0024878A8226}.Release|Any CPU.ActiveCfg = Release|Any CPU
		{076A38DA-28F6-447E-A1DC-0024878A8226}.Release|Any CPU.Build.0 = Release|Any CPU
		{076A38DA-28F6-447E-A1DC-0024878A8226}.Release|x64.ActiveCfg = Release|Any CPU
		{076A38DA-28F6-447E-A1DC-0024878A8226}.Release|x64.Build.0 = Release|Any CPU
		{076A38DA-28F6-447E-A1DC-0024878A8226}.Release|x86.ActiveCfg = Release|Any CPU
		{076A38DA-28F6-447E-A1DC-0024878A8226}.Release|x86.Build.0 = Release|Any CPU
		{391047BC-44C4-4578-B881-87F38B843D6F}.Debug|Any CPU.ActiveCfg = Debug|Any CPU
		{391047BC-44C4-4578-B881-87F38B843D6F}.Debug|Any CPU.Build.0 = Debug|Any CPU
		{391047BC-44C4-4578-B881-87F38B843D6F}.Debug|x64.ActiveCfg = Debug|Any CPU
		{391047BC-44C4-4578-B881-87F38B843D6F}.Debug|x64.Build.0 = Debug|Any CPU
		{391047BC-44C4-4578-B881-87F38B843D6F}.Debug|x86.ActiveCfg = Debug|Any CPU
		{391047BC-44C4-4578-B881-87F38B843D6F}.Debug|x86.Build.0 = Debug|Any CPU
		{391047BC-44C4-4578-B881-87F38B843D6F}.Release|Any CPU.ActiveCfg = Release|Any CPU
		{391047BC-44C4-4578-B881-87F38B843D6F}.Release|Any CPU.Build.0 = Release|Any CPU
		{391047BC-44C4-4578-B881-87F38B843D6F}.Release|x64.ActiveCfg = Release|Any CPU
		{391047BC-44C4-4578-B881-87F38B843D6F}.Release|x64.Build.0 = Release|Any CPU
		{391047BC-44C4-4578-B881-87F38B843D6F}.Release|x86.ActiveCfg = Release|Any CPU
		{391047BC-44C4-4578-B881-87F38B843D6F}.Release|x86.Build.0 = Release|Any CPU
	EndGlobalSection
EndGlobal
